
Microsoft Visual Studio Solution File, Format Version 12.00
# Visual Studio Version 17
VisualStudioVersion = 17.12.35707.178
MinimumVisualStudioVersion = 10.0.40219.1
Project("{2150E333-8FDC-42A3-9474-1A3956D46DE8}") = "DTO", "DTO", "{1ECCC4A5-115A-4C62-B24F-51B2CB14FCB5}"
EndProject
Project("{2150E333-8FDC-42A3-9474-1A3956D46DE8}") = "Clase Tradicional", "Clase Tradicional", "{814C58E8-69AF-4339-AEB5-D729BDAB88EC}"
EndProject
Project("{FAE04EC0-301F-11D3-BF4B-00C04F79EFBC}") = "ClaseTradicional", "ClaseTradicional\ClaseTradicional.csproj", "{BC9FE6CF-6758-4038-9B15-631597ECB632}"
EndProject
Project("{FAE04EC0-301F-11D3-BF4B-00C04F79EFBC}") = "DTO", "DTO\DTO.csproj", "{6A1B8E8F-F468-4794-BE76-901878B0AB1B}"
EndProject
Project("{2150E333-8FDC-42A3-9474-1A3956D46DE8}") = "Ejercicio#1", "Ejercicio#1", "{AE717684-B987-4E15-A0A6-07A77C775519}"
EndProject
Project("{2150E333-8FDC-42A3-9474-1A3956D46DE8}") = "Presentacion", "Presentacion", "{0A05043D-088E-41C4-BF1F-6A6B8D25BF7C}"
EndProject
Project("{FAE04EC0-301F-11D3-BF4B-00C04F79EFBC}") = "Presentacion", "Presentacion\Presentacion.csproj", "{3CFD0C5C-B74D-4E30-9558-9015558F1084}"
EndProject
Project("{2150E333-8FDC-42A3-9474-1A3956D46DE8}") = "Ejercicio#3", "Ejercicio#3", "{20EF32A0-83FB-48FD-814C-E6826CCF3B96}"
EndProject
Project("{FAE04EC0-301F-11D3-BF4B-00C04F79EFBC}") = "ConGlobalUsing", "ConsoleApp3\ConGlobalUsing.csproj", "{3784FC85-E8D0-4E7E-B545-70005DF14F67}"
EndProject
Project("{FAE04EC0-301F-11D3-BF4B-00C04F79EFBC}") = "SinGlobalUsing", "SinGlobalUsing\SinGlobalUsing.csproj", "{FBD1E817-0325-4557-90E5-C1E21D914264}"
EndProject
Project("{2150E333-8FDC-42A3-9474-1A3956D46DE8}") = "Ejercicio#2", "Ejercicio#2", "{EF4B5333-8385-44E0-A70A-4700D80FCEF8}"
EndProject
Project("{FAE04EC0-301F-11D3-BF4B-00C04F79EFBC}") = "TopLevel", "TopLevel\TopLevel.csproj", "{0B5F8DF7-AC7B-4B07-AFAB-3CD38235203C}"
EndProject
Global
	GlobalSection(SolutionConfigurationPlatforms) = preSolution
		Debug|Any CPU = Debug|Any CPU
		Release|Any CPU = Release|Any CPU
	EndGlobalSection
	GlobalSection(ProjectConfigurationPlatforms) = postSolution
		{BC9FE6CF-6758-4038-9B15-631597ECB632}.Debug|Any CPU.ActiveCfg = Debug|Any CPU
		{BC9FE6CF-6758-4038-9B15-631597ECB632}.Debug|Any CPU.Build.0 = Debug|Any CPU
		{BC9FE6CF-6758-4038-9B15-631597ECB632}.Release|Any CPU.ActiveCfg = Release|Any CPU
		{BC9FE6CF-6758-4038-9B15-631597ECB632}.Release|Any CPU.Build.0 = Release|Any CPU
		{6A1B8E8F-F468-4794-BE76-901878B0AB1B}.Debug|Any CPU.ActiveCfg = Debug|Any CPU
		{6A1B8E8F-F468-4794-BE76-901878B0AB1B}.Debug|Any CPU.Build.0 = Debug|Any CPU
		{6A1B8E8F-F468-4794-BE76-901878B0AB1B}.Release|Any CPU.ActiveCfg = Release|Any CPU
		{6A1B8E8F-F468-4794-BE76-901878B0AB1B}.Release|Any CPU.Build.0 = Release|Any CPU
		{3CFD0C5C-B74D-4E30-9558-9015558F1084}.Debug|Any CPU.ActiveCfg = Debug|Any CPU
		{3CFD0C5C-B74D-4E30-9558-9015558F1084}.Debug|Any CPU.Build.0 = Debug|Any CPU
		{3CFD0C5C-B74D-4E30-9558-9015558F1084}.Release|Any CPU.ActiveCfg = Release|Any CPU
		{3CFD0C5C-B74D-4E30-9558-9015558F1084}.Release|Any CPU.Build.0 = Release|Any CPU
		{3784FC85-E8D0-4E7E-B545-70005DF14F67}.Debug|Any CPU.ActiveCfg = Debug|Any CPU
		{3784FC85-E8D0-4E7E-B545-70005DF14F67}.Debug|Any CPU.Build.0 = Debug|Any CPU
		{3784FC85-E8D0-4E7E-B545-70005DF14F67}.Release|Any CPU.ActiveCfg = Release|Any CPU
		{3784FC85-E8D0-4E7E-B545-70005DF14F67}.Release|Any CPU.Build.0 = Release|Any CPU
		{FBD1E817-0325-4557-90E5-C1E21D914264}.Debug|Any CPU.ActiveCfg = Debug|Any CPU
		{FBD1E817-0325-4557-90E5-C1E21D914264}.Debug|Any CPU.Build.0 = Debug|Any CPU
		{FBD1E817-0325-4557-90E5-C1E21D914264}.Release|Any CPU.ActiveCfg = Release|Any CPU
		{FBD1E817-0325-4557-90E5-C1E21D914264}.Release|Any CPU.Build.0 = Release|Any CPU
		{0B5F8DF7-AC7B-4B07-AFAB-3CD38235203C}.Debug|Any CPU.ActiveCfg = Debug|Any CPU
		{0B5F8DF7-AC7B-4B07-AFAB-3CD38235203C}.Debug|Any CPU.Build.0 = Debug|Any CPU
		{0B5F8DF7-AC7B-4B07-AFAB-3CD38235203C}.Release|Any CPU.ActiveCfg = Release|Any CPU
		{0B5F8DF7-AC7B-4B07-AFAB-3CD38235203C}.Release|Any CPU.Build.0 = Release|Any CPU
	EndGlobalSection
	GlobalSection(SolutionProperties) = preSolution
		HideSolutionNode = FALSE
	EndGlobalSection
	GlobalSection(NestedProjects) = preSolution
		{1ECCC4A5-115A-4C62-B24F-51B2CB14FCB5} = {AE717684-B987-4E15-A0A6-07A77C775519}
		{814C58E8-69AF-4339-AEB5-D729BDAB88EC} = {AE717684-B987-4E15-A0A6-07A77C775519}
		{BC9FE6CF-6758-4038-9B15-631597ECB632} = {814C58E8-69AF-4339-AEB5-D729BDAB88EC}
		{6A1B8E8F-F468-4794-BE76-901878B0AB1B} = {1ECCC4A5-115A-4C62-B24F-51B2CB14FCB5}
		{0A05043D-088E-41C4-BF1F-6A6B8D25BF7C} = {AE717684-B987-4E15-A0A6-07A77C775519}
		{3CFD0C5C-B74D-4E30-9558-9015558F1084} = {0A05043D-088E-41C4-BF1F-6A6B8D25BF7C}
		{3784FC85-E8D0-4E7E-B545-70005DF14F67} = {20EF32A0-83FB-48FD-814C-E6826CCF3B96}
		{FBD1E817-0325-4557-90E5-C1E21D914264} = {20EF32A0-83FB-48FD-814C-E6826CCF3B96}
		{0B5F8DF7-AC7B-4B07-AFAB-3CD38235203C} = {EF4B5333-8385-44E0-A70A-4700D80FCEF8}
	EndGlobalSection
EndGlobal
